
Microsoft Visual Studio Solution File, Format Version 12.00
# Visual Studio Version 17
VisualStudioVersion = 17.11.35312.102
MinimumVisualStudioVersion = 10.0.40219.1
Project("{FAE04EC0-301F-11D3-BF4B-00C04F79EFBC}") = "UserControlsWPF", "UserControlsWPF\UserControlsWPF.csproj", "{7E381393-2848-4B37-8CF9-A16CE8F7D8CF}"
EndProject
Global
	GlobalSection(SolutionConfigurationPlatforms) = preSolution
		Debug|Any CPU = Debug|Any CPU
		Release|Any CPU = Release|Any CPU
	EndGlobalSection
	GlobalSection(ProjectConfigurationPlatforms) = postSolution
		{7E381393-2848-4B37-8CF9-A16CE8F7D8CF}.Debug|Any CPU.ActiveCfg = Debug|Any CPU
		{7E381393-2848-4B37-8CF9-A16CE8F7D8CF}.Debug|Any CPU.Build.0 = Debug|Any CPU
		{7E381393-2848-4B37-8CF9-A16CE8F7D8CF}.Release|Any CPU.ActiveCfg = Release|Any CPU
		{7E381393-2848-4B37-8CF9-A16CE8F7D8CF}.Release|Any CPU.Build.0 = Release|Any CPU
	EndGlobalSection
	GlobalSection(SolutionProperties) = preSolution
		HideSolutionNode = FALSE
	EndGlobalSection
	GlobalSection(ExtensibilityGlobals) = postSolution
		SolutionGuid = {F9C86FFB-4E7E-4733-94BD-09E03A112519}
	EndGlobalSection
EndGlobal
